
Microsoft Visual Studio Solution File, Format Version 12.00
# Visual Studio Version 16
VisualStudioVersion = 16.0.32428.217
MinimumVisualStudioVersion = 10.0.40219.1
Project("{9A19103F-16F7-4668-BE54-9A1E7A4F7556}") = "eShopSolution.WebApp", "eShopSolution.WebApp\eShopSolution.WebApp.csproj", "{EE919232-78E3-4622-8447-C90066196D71}"
EndProject
Project("{2150E333-8FDC-42A3-9474-1A3956D46DE8}") = "Solution Items", "Solution Items", "{1992709E-FAF1-4236-90DE-60FA007ED073}"
	ProjectSection(SolutionItems) = preProject
		README.md = README.md
	EndProjectSection
EndProject
Project("{FAE04EC0-301F-11D3-BF4B-00C04F79EFBC}") = "eShopSolution.Data", "eShopSolution.Data\eShopSolution.Data.csproj", "{3CDDF053-5952-442D-BDD0-9F3217D4D86B}"
EndProject
Project("{FAE04EC0-301F-11D3-BF4B-00C04F79EFBC}") = "eShopSolution.Application", "eShopSolution.Application\eShopSolution.Application.csproj", "{D17BD39B-5315-46E3-BDB7-5E6BF41C0C15}"
EndProject
Global
	GlobalSection(SolutionConfigurationPlatforms) = preSolution
		Debug|Any CPU = Debug|Any CPU
		Release|Any CPU = Release|Any CPU
	EndGlobalSection
	GlobalSection(ProjectConfigurationPlatforms) = postSolution
		{EE919232-78E3-4622-8447-C90066196D71}.Debug|Any CPU.ActiveCfg = Debug|Any CPU
		{EE919232-78E3-4622-8447-C90066196D71}.Debug|Any CPU.Build.0 = Debug|Any CPU
		{EE919232-78E3-4622-8447-C90066196D71}.Release|Any CPU.ActiveCfg = Release|Any CPU
		{EE919232-78E3-4622-8447-C90066196D71}.Release|Any CPU.Build.0 = Release|Any CPU
		{3CDDF053-5952-442D-BDD0-9F3217D4D86B}.Debug|Any CPU.ActiveCfg = Debug|Any CPU
		{3CDDF053-5952-442D-BDD0-9F3217D4D86B}.Debug|Any CPU.Build.0 = Debug|Any CPU
		{3CDDF053-5952-442D-BDD0-9F3217D4D86B}.Release|Any CPU.ActiveCfg = Release|Any CPU
		{3CDDF053-5952-442D-BDD0-9F3217D4D86B}.Release|Any CPU.Build.0 = Release|Any CPU
		{D17BD39B-5315-46E3-BDB7-5E6BF41C0C15}.Debug|Any CPU.ActiveCfg = Debug|Any CPU
		{D17BD39B-5315-46E3-BDB7-5E6BF41C0C15}.Debug|Any CPU.Build.0 = Debug|Any CPU
		{D17BD39B-5315-46E3-BDB7-5E6BF41C0C15}.Release|Any CPU.ActiveCfg = Release|Any CPU
		{D17BD39B-5315-46E3-BDB7-5E6BF41C0C15}.Release|Any CPU.Build.0 = Release|Any CPU
	EndGlobalSection
	GlobalSection(SolutionProperties) = preSolution
		HideSolutionNode = FALSE
	EndGlobalSection
	GlobalSection(ExtensibilityGlobals) = postSolution
		SolutionGuid = {0B64BB03-6303-4C49-ADDE-C71836EA8DDF}
	EndGlobalSection
EndGlobal
